
Microsoft Visual Studio Solution File, Format Version 12.00
# Visual Studio Version 17
VisualStudioVersion = 17.14.36429.23 d17.14
MinimumVisualStudioVersion = 10.0.40219.1
Project("{2150E333-8FDC-42A3-9474-1A3956D46DE8}") = "Task0", "Task0", "{02EA681E-C7D8-13C7-8484-4AC65E1B71E8}"
EndProject
Project("{FAE04EC0-301F-11D3-BF4B-00C04F79EFBC}") = "Tyuiu.KuharonakSV.Sprint0.Task0.V0", "Tyuiu.KuharonakSV.Sprint0.Task0.V0\Tyuiu.KuharonakSV.Sprint0.Task0.V0.csproj", "{C9F75FC6-2E9C-4D91-9C13-3BB441366E67}"
EndProject
Project("{2150E333-8FDC-42A3-9474-1A3956D46DE8}") = "Task1", "Task1", "{1E2BDFBF-D3E7-4D25-8539-41537B56A88F}"
EndProject
Project("{FAE04EC0-301F-11D3-BF4B-00C04F79EFBC}") = "Tyuiu.KuharonakSV.Sprint0.Task1.V0", "Tyuiu.KuharonakSV.Sprint0.Task1.V0\Tyuiu.KuharonakSV.Sprint0.Task1.V0.csproj", "{D4E66F6C-7421-4D8A-B61E-0A3F444881E6}"
EndProject
Project("{2150E333-8FDC-42A3-9474-1A3956D46DE8}") = "Task2", "Task2", "{77D9CB6E-81E6-47CF-8A07-F14299CACE24}"
EndProject
Project("{FAE04EC0-301F-11D3-BF4B-00C04F79EFBC}") = "Tyuiu.KuharonakSV.Sprint0.Task2.V0", "Tyuiu.KuharonakSV.Sprint0.Task2.V0\Tyuiu.KuharonakSV.Sprint0.Task2.V0.csproj", "{B9E5C5EA-06BA-4D97-86F8-20D64A229D6D}"
EndProject
Project("{FAE04EC0-301F-11D3-BF4B-00C04F79EFBC}") = "Tyuiu.KuharonakSV.Sprint0.Task2.V0.Lib", "Tyuiu.KuharonakSV.Sprint0.Task2.V0.Lib\Tyuiu.KuharonakSV.Sprint0.Task2.V0.Lib.csproj", "{BAFAC20D-DD2D-483E-8455-F95CACD80096}"
EndProject
Project("{FAE04EC0-301F-11D3-BF4B-00C04F79EFBC}") = "Tyuiu.KuharonakSV.Sprint0.Task2.V0.Test", "Tyuiu.KuharonakSV.Sprint0.Task2.V0.Test\Tyuiu.KuharonakSV.Sprint0.Task2.V0.Test.csproj", "{7F7FA951-0BD1-44B0-A41A-431531175EE1}"
EndProject
Project("{2150E333-8FDC-42A3-9474-1A3956D46DE8}") = "Task3", "Task3", "{091C502B-D940-4ACB-8C5A-56A1F8521B67}"
EndProject
Project("{FAE04EC0-301F-11D3-BF4B-00C04F79EFBC}") = "Tyuiu.KuharonakSV.Sprint0.Task3.V0", "Tyuiu.KuharonakSV.Sprint0.Task3.V0\Tyuiu.KuharonakSV.Sprint0.Task3.V0.csproj", "{E5C14C39-129B-44E9-86B9-58FA988CA900}"
EndProject
Project("{FAE04EC0-301F-11D3-BF4B-00C04F79EFBC}") = "Tyuiu.KuharonakSV.Sprint0.Task3.V0.Lib", "Tyuiu.KuharonakSV.Sprint0.Task3.V0.Lib\Tyuiu.KuharonakSV.Sprint0.Task3.V0.Lib.csproj", "{FA732CB8-B04D-4CAC-81E6-A1D6F56C63F2}"
EndProject
Project("{FAE04EC0-301F-11D3-BF4B-00C04F79EFBC}") = "Tyuiu.KuharonakSV.Sprint0.Task3.V0.Test", "Tyuiu.KuharonakSV.Sprint0.Task3.V0.Test\Tyuiu.KuharonakSV.Sprint0.Task3.V0.Test.csproj", "{F8CBBCFD-34E7-408D-95A2-6FF7C0EAFD71}"
EndProject
Global
	GlobalSection(SolutionConfigurationPlatforms) = preSolution
		Debug|Any CPU = Debug|Any CPU
		Release|Any CPU = Release|Any CPU
	EndGlobalSection
	GlobalSection(ProjectConfigurationPlatforms) = postSolution
		{C9F75FC6-2E9C-4D91-9C13-3BB441366E67}.Debug|Any CPU.ActiveCfg = Debug|Any CPU
		{C9F75FC6-2E9C-4D91-9C13-3BB441366E67}.Debug|Any CPU.Build.0 = Debug|Any CPU
		{C9F75FC6-2E9C-4D91-9C13-3BB441366E67}.Release|Any CPU.ActiveCfg = Release|Any CPU
		{C9F75FC6-2E9C-4D91-9C13-3BB441366E67}.Release|Any CPU.Build.0 = Release|Any CPU
		{D4E66F6C-7421-4D8A-B61E-0A3F444881E6}.Debug|Any CPU.ActiveCfg = Debug|Any CPU
		{D4E66F6C-7421-4D8A-B61E-0A3F444881E6}.Debug|Any CPU.Build.0 = Debug|Any CPU
		{D4E66F6C-7421-4D8A-B61E-0A3F444881E6}.Release|Any CPU.ActiveCfg = Release|Any CPU
		{D4E66F6C-7421-4D8A-B61E-0A3F444881E6}.Release|Any CPU.Build.0 = Release|Any CPU
		{B9E5C5EA-06BA-4D97-86F8-20D64A229D6D}.Debug|Any CPU.ActiveCfg = Debug|Any CPU
		{B9E5C5EA-06BA-4D97-86F8-20D64A229D6D}.Debug|Any CPU.Build.0 = Debug|Any CPU
		{B9E5C5EA-06BA-4D97-86F8-20D64A229D6D}.Release|Any CPU.ActiveCfg = Release|Any CPU
		{B9E5C5EA-06BA-4D97-86F8-20D64A229D6D}.Release|Any CPU.Build.0 = Release|Any CPU
		{BAFAC20D-DD2D-483E-8455-F95CACD80096}.Debug|Any CPU.ActiveCfg = Debug|Any CPU
		{BAFAC20D-DD2D-483E-8455-F95CACD80096}.Debug|Any CPU.Build.0 = Debug|Any CPU
		{BAFAC20D-DD2D-483E-8455-F95CACD80096}.Release|Any CPU.ActiveCfg = Release|Any CPU
		{BAFAC20D-DD2D-483E-8455-F95CACD80096}.Release|Any CPU.Build.0 = Release|Any CPU
		{7F7FA951-0BD1-44B0-A41A-431531175EE1}.Debug|Any CPU.ActiveCfg = Debug|Any CPU
		{7F7FA951-0BD1-44B0-A41A-431531175EE1}.Debug|Any CPU.Build.0 = Debug|Any CPU
		{7F7FA951-0BD1-44B0-A41A-431531175EE1}.Release|Any CPU.ActiveCfg = Release|Any CPU
		{7F7FA951-0BD1-44B0-A41A-431531175EE1}.Release|Any CPU.Build.0 = Release|Any CPU
		{E5C14C39-129B-44E9-86B9-58FA988CA900}.Debug|Any CPU.ActiveCfg = Debug|Any CPU
		{E5C14C39-129B-44E9-86B9-58FA988CA900}.Debug|Any CPU.Build.0 = Debug|Any CPU
		{E5C14C39-129B-44E9-86B9-58FA988CA900}.Release|Any CPU.ActiveCfg = Release|Any CPU
		{E5C14C39-129B-44E9-86B9-58FA988CA900}.Release|Any CPU.Build.0 = Release|Any CPU
		{FA732CB8-B04D-4CAC-81E6-A1D6F56C63F2}.Debug|Any CPU.ActiveCfg = Debug|Any CPU
		{FA732CB8-B04D-4CAC-81E6-A1D6F56C63F2}.Debug|Any CPU.Build.0 = Debug|Any CPU
		{FA732CB8-B04D-4CAC-81E6-A1D6F56C63F2}.Release|Any CPU.ActiveCfg = Release|Any CPU
		{FA732CB8-B04D-4CAC-81E6-A1D6F56C63F2}.Release|Any CPU.Build.0 = Release|Any CPU
		{F8CBBCFD-34E7-408D-95A2-6FF7C0EAFD71}.Debug|Any CPU.ActiveCfg = Debug|Any CPU
		{F8CBBCFD-34E7-408D-95A2-6FF7C0EAFD71}.Debug|Any CPU.Build.0 = Debug|Any CPU
		{F8CBBCFD-34E7-408D-95A2-6FF7C0EAFD71}.Release|Any CPU.ActiveCfg = Release|Any CPU
		{F8CBBCFD-34E7-408D-95A2-6FF7C0EAFD71}.Release|Any CPU.Build.0 = Release|Any CPU
	EndGlobalSection
	GlobalSection(SolutionProperties) = preSolution
		HideSolutionNode = FALSE
	EndGlobalSection
	GlobalSection(NestedProjects) = preSolution
		{C9F75FC6-2E9C-4D91-9C13-3BB441366E67} = {02EA681E-C7D8-13C7-8484-4AC65E1B71E8}
		{D4E66F6C-7421-4D8A-B61E-0A3F444881E6} = {1E2BDFBF-D3E7-4D25-8539-41537B56A88F}
		{B9E5C5EA-06BA-4D97-86F8-20D64A229D6D} = {77D9CB6E-81E6-47CF-8A07-F14299CACE24}
		{BAFAC20D-DD2D-483E-8455-F95CACD80096} = {77D9CB6E-81E6-47CF-8A07-F14299CACE24}
		{7F7FA951-0BD1-44B0-A41A-431531175EE1} = {77D9CB6E-81E6-47CF-8A07-F14299CACE24}
		{E5C14C39-129B-44E9-86B9-58FA988CA900} = {091C502B-D940-4ACB-8C5A-56A1F8521B67}
		{FA732CB8-B04D-4CAC-81E6-A1D6F56C63F2} = {091C502B-D940-4ACB-8C5A-56A1F8521B67}
		{F8CBBCFD-34E7-408D-95A2-6FF7C0EAFD71} = {091C502B-D940-4ACB-8C5A-56A1F8521B67}
	EndGlobalSection
	GlobalSection(ExtensibilityGlobals) = postSolution
		SolutionGuid = {8EAE7F18-F39D-40F0-97A0-3F8D3F19F281}
	EndGlobalSection
EndGlobal
